// !$*UTF8*$!
{
	archiveVersion = 1;
	classes = {
	};
	objectVersion = 77;
	objects = {

/* Begin PBXBuildFile section */
		4CA289382DC702A800B2EE23 /* .gitignore in Resources */ = {isa = PBXBuildFile; fileRef = 4CA289372DC702A300B2EE23 /* .gitignore */; };
		4CA2893A2DC706F800B2EE23 /* README.md in Resources */ = {isa = PBXBuildFile; fileRef = 4CA289392DC706F500B2EE23 /* README.md */; };
		C2D336252EE6AFA600CDEDFC /* Kronos in Frameworks */ = {isa = PBXBuildFile; productRef = C2D336242EE6AFA600CDEDFC /* Kronos */; };
		C2D3362F2EE6D5DB00CDEDFC /* TNApiGetwaySDK.xcframework in Frameworks */ = {isa = PBXBuildFile; fileRef = C2D3362E2EE6D5DB00CDEDFC /* TNApiGetwaySDK.xcframework */; };
/* End PBXBuildFile section */

/* Begin PBXContainerItemProxy section */
		4CEBB0D22DC1DFE500FB10F8 /* PBXContainerItemProxy */ = {
			isa = PBXContainerItemProxy;
			containerPortal = 4CEBB0B92DC1DFE400FB10F8 /* Project object */;
			proxyType = 1;
			remoteGlobalIDString = 4CEBB0C02DC1DFE400FB10F8;
			remoteInfo = TNMapSDKSample;
		};
		4CEBB0DC2DC1DFE500FB10F8 /* PBXContainerItemProxy */ = {
			isa = PBXContainerItemProxy;
			containerPortal = 4CEBB0B92DC1DFE400FB10F8 /* Project object */;
			proxyType = 1;
			remoteGlobalIDString = 4CEBB0C02DC1DFE400FB10F8;
			remoteInfo = TNMapSDKSample;
		};
/* End PBXContainerItemProxy section */

/* Begin PBXCopyFilesBuildPhase section */
		4CA2891C2DC2B8CC00B2EE23 /* Embed Frameworks */ = {
			isa = PBXCopyFilesBuildPhase;
			buildActionMask = 2147483647;
			dstPath = "";
			dstSubfolderSpec = 10;
			files = (
			);
			name = "Embed Frameworks";
			runOnlyForDeploymentPostprocessing = 0;
		};
/* End PBXCopyFilesBuildPhase section */

/* Begin PBXFileReference section */
		4CA289372DC702A300B2EE23 /* .gitignore */ = {isa = PBXFileReference; lastKnownFileType = text; path = .gitignore; sourceTree = "<group>"; };
		4CA289392DC706F500B2EE23 /* README.md */ = {isa = PBXFileReference; lastKnownFileType = net.daringfireball.markdown; path = README.md; sourceTree = "<group>"; };
		4CEBB0C12DC1DFE400FB10F8 /* TNMapSDKSample.app */ = {isa = PBXFileReference; explicitFileType = wrapper.application; includeInIndex = 0; path = TNMapSDKSample.app; sourceTree = BUILT_PRODUCTS_DIR; };
		4CEBB0D12DC1DFE500FB10F8 /* TNMapSDKSampleTests.xctest */ = {isa = PBXFileReference; explicitFileType = wrapper.cfbundle; includeInIndex = 0; path = TNMapSDKSampleTests.xctest; sourceTree = BUILT_PRODUCTS_DIR; };
		4CEBB0DB2DC1DFE500FB10F8 /* TNMapSDKSampleUITests.xctest */ = {isa = PBXFileReference; explicitFileType = wrapper.cfbundle; includeInIndex = 0; path = TNMapSDKSampleUITests.xctest; sourceTree = BUILT_PRODUCTS_DIR; };
		C2D3362E2EE6D5DB00CDEDFC /* TNApiGetwaySDK.xcframework */ = {isa = PBXFileReference; lastKnownFileType = wrapper.xcframework; path = TNApiGetwaySDK.xcframework; sourceTree = "<group>"; };
/* End PBXFileReference section */

/* Begin PBXFileSystemSynchronizedBuildFileExceptionSet section */
		C2D335472EE1655300CDEDFC /* Exceptions for "TNMapSDKSample" folder in "TNMapSDKSample" target */ = {
			isa = PBXFileSystemSynchronizedBuildFileExceptionSet;
			membershipExceptions = (
				Info.plist,
			);
			target = 4CEBB0C02DC1DFE400FB10F8 /* TNMapSDKSample */;
		};
/* End PBXFileSystemSynchronizedBuildFileExceptionSet section */

/* Begin PBXFileSystemSynchronizedRootGroup section */
		4CEBB0C32DC1DFE400FB10F8 /* TNMapSDKSample */ = {
			isa = PBXFileSystemSynchronizedRootGroup;
			exceptions = (
				C2D335472EE1655300CDEDFC /* Exceptions for "TNMapSDKSample" folder in "TNMapSDKSample" target */,
			);
			path = TNMapSDKSample;
			sourceTree = "<group>";
		};
		4CEBB0D42DC1DFE500FB10F8 /* TNMapSDKSampleTests */ = {
			isa = PBXFileSystemSynchronizedRootGroup;
			path = TNMapSDKSampleTests;
			sourceTree = "<group>";
		};
		4CEBB0DE2DC1DFE500FB10F8 /* TNMapSDKSampleUITests */ = {
			isa = PBXFileSystemSynchronizedRootGroup;
			path = TNMapSDKSampleUITests;
			sourceTree = "<group>";
		};
/* End PBXFileSystemSynchronizedRootGroup section */

/* Begin PBXFrameworksBuildPhase section */
		4CEBB0BE2DC1DFE400FB10F8 /* Frameworks */ = {
			isa = PBXFrameworksBuildPhase;
			buildActionMask = 2147483647;
			files = (
				C2D3362F2EE6D5DB00CDEDFC /* TNApiGetwaySDK.xcframework in Frameworks */,
				C2D336252EE6AFA600CDEDFC /* Kronos in Frameworks */,
			);
			runOnlyForDeploymentPostprocessing = 0;
		};
		4CEBB0CE2DC1DFE500FB10F8 /* Frameworks */ = {
			isa = PBXFrameworksBuildPhase;
			buildActionMask = 2147483647;
			files = (
			);
			runOnlyForDeploymentPostprocessing = 0;
		};
		4CEBB0D82DC1DFE500FB10F8 /* Frameworks */ = {
			isa = PBXFrameworksBuildPhase;
			buildActionMask = 2147483647;
			files = (
			);
			runOnlyForDeploymentPostprocessing = 0;
		};
/* End PBXFrameworksBuildPhase section */

/* Begin PBXGroup section */
		4CEBB0B82DC1DFE400FB10F8 = {
			isa = PBXGroup;
			children = (
				C2D3362E2EE6D5DB00CDEDFC /* TNApiGetwaySDK.xcframework */,
				4CA289392DC706F500B2EE23 /* README.md */,
				4CA289372DC702A300B2EE23 /* .gitignore */,
				4CEBB0C32DC1DFE400FB10F8 /* TNMapSDKSample */,
				4CEBB0D42DC1DFE500FB10F8 /* TNMapSDKSampleTests */,
				4CEBB0DE2DC1DFE500FB10F8 /* TNMapSDKSampleUITests */,
				4CEBB0C22DC1DFE400FB10F8 /* Products */,
			);
			sourceTree = "<group>";
		};
		4CEBB0C22DC1DFE400FB10F8 /* Products */ = {
			isa = PBXGroup;
			children = (
				4CEBB0C12DC1DFE400FB10F8 /* TNMapSDKSample.app */,
				4CEBB0D12DC1DFE500FB10F8 /* TNMapSDKSampleTests.xctest */,
				4CEBB0DB2DC1DFE500FB10F8 /* TNMapSDKSampleUITests.xctest */,
			);
			name = Products;
			sourceTree = "<group>";
		};
/* End PBXGroup section */

/* Begin PBXNativeTarget section */
		4CEBB0C02DC1DFE400FB10F8 /* TNMapSDKSample */ = {
			isa = PBXNativeTarget;
			buildConfigurationList = 4CEBB0E52DC1DFE500FB10F8 /* Build configuration list for PBXNativeTarget "TNMapSDKSample" */;
			buildPhases = (
				4CEBB0BD2DC1DFE400FB10F8 /* Sources */,
				4CEBB0BE2DC1DFE400FB10F8 /* Frameworks */,
				4CEBB0BF2DC1DFE400FB10F8 /* Resources */,
				4CA2891C2DC2B8CC00B2EE23 /* Embed Frameworks */,
			);
			buildRules = (
			);
			dependencies = (
			);
			fileSystemSynchronizedGroups = (
				4CEBB0C32DC1DFE400FB10F8 /* TNMapSDKSample */,
			);
			name = TNMapSDKSample;
			packageProductDependencies = (
				C2D336242EE6AFA600CDEDFC /* Kronos */,
			);
			productName = TNMapSDKSample;
			productReference = 4CEBB0C12DC1DFE400FB10F8 /* TNMapSDKSample.app */;
			productType = "com.apple.product-type.application";
		};
		4CEBB0D02DC1DFE500FB10F8 /* TNMapSDKSampleTests */ = {
			isa = PBXNativeTarget;
			buildConfigurationList = 4CEBB0E82DC1DFE500FB10F8 /* Build configuration list for PBXNativeTarget "TNMapSDKSampleTests" */;
			buildPhases = (
				4CEBB0CD2DC1DFE500FB10F8 /* Sources */,
				4CEBB0CE2DC1DFE500FB10F8 /* Frameworks */,
				4CEBB0CF2DC1DFE500FB10F8 /* Resources */,
			);
			buildRules = (
			);
			dependencies = (
				4CEBB0D32DC1DFE500FB10F8 /* PBXTargetDependency */,
			);
			fileSystemSynchronizedGroups = (
				4CEBB0D42DC1DFE500FB10F8 /* TNMapSDKSampleTests */,
			);
			name = TNMapSDKSampleTests;
			packageProductDependencies = (
			);
			productName = TNMapSDKSampleTests;
			productReference = 4CEBB0D12DC1DFE500FB10F8 /* TNMapSDKSampleTests.xctest */;
			productType = "com.apple.product-type.bundle.unit-test";
		};
		4CEBB0DA2DC1DFE500FB10F8 /* TNMapSDKSampleUITests */ = {
			isa = PBXNativeTarget;
			buildConfigurationList = 4CEBB0EB2DC1DFE500FB10F8 /* Build configuration list for PBXNativeTarget "TNMapSDKSampleUITests" */;
			buildPhases = (
				4CEBB0D72DC1DFE500FB10F8 /* Sources */,
				4CEBB0D82DC1DFE500FB10F8 /* Frameworks */,
				4CEBB0D92DC1DFE500FB10F8 /* Resources */,
			);
			buildRules = (
			);
			dependencies = (
				4CEBB0DD2DC1DFE500FB10F8 /* PBXTargetDependency */,
			);
			fileSystemSynchronizedGroups = (
				4CEBB0DE2DC1DFE500FB10F8 /* TNMapSDKSampleUITests */,
			);
			name = TNMapSDKSampleUITests;
			packageProductDependencies = (
			);
			productName = TNMapSDKSampleUITests;
			productReference = 4CEBB0DB2DC1DFE500FB10F8 /* TNMapSDKSampleUITests.xctest */;
			productType = "com.apple.product-type.bundle.ui-testing";
		};
/* End PBXNativeTarget section */

/* Begin PBXProject section */
		4CEBB0B92DC1DFE400FB10F8 /* Project object */ = {
			isa = PBXProject;
			attributes = {
				BuildIndependentTargetsInParallel = 1;
				LastSwiftUpdateCheck = 1610;
				LastUpgradeCheck = 1610;
				TargetAttributes = {
					4CEBB0C02DC1DFE400FB10F8 = {
						CreatedOnToolsVersion = 16.1;
					};
					4CEBB0D02DC1DFE500FB10F8 = {
						CreatedOnToolsVersion = 16.1;
						TestTargetID = 4CEBB0C02DC1DFE400FB10F8;
					};
					4CEBB0DA2DC1DFE500FB10F8 = {
						CreatedOnToolsVersion = 16.1;
						TestTargetID = 4CEBB0C02DC1DFE400FB10F8;
					};
				};
			};
			buildConfigurationList = 4CEBB0BC2DC1DFE400FB10F8 /* Build configuration list for PBXProject "TNMapSDKSample" */;
			developmentRegion = en;
			hasScannedForEncodings = 0;
			knownRegions = (
				en,
				Base,
			);
			mainGroup = 4CEBB0B82DC1DFE400FB10F8;
			minimizedProjectReferenceProxies = 1;
			packageReferences = (
				C2D336232EE6AFA600CDEDFC /* XCRemoteSwiftPackageReference "Kronos" */,
			);
			preferredProjectObjectVersion = 77;
			productRefGroup = 4CEBB0C22DC1DFE400FB10F8 /* Products */;
			projectDirPath = "";
			projectRoot = "";
			targets = (
				4CEBB0C02DC1DFE400FB10F8 /* TNMapSDKSample */,
				4CEBB0D02DC1DFE500FB10F8 /* TNMapSDKSampleTests */,
				4CEBB0DA2DC1DFE500FB10F8 /* TNMapSDKSampleUITests */,
			);
		};
/* End PBXProject section */

/* Begin PBXResourcesBuildPhase section */
		4CEBB0BF2DC1DFE400FB10F8 /* Resources */ = {
			isa = PBXResourcesBuildPhase;
			buildActionMask = 2147483647;
			files = (
				4CA289382DC702A800B2EE23 /* .gitignore in Resources */,
				4CA2893A2DC706F800B2EE23 /* README.md in Resources */,
			);
			runOnlyForDeploymentPostprocessing = 0;
		};
		4CEBB0CF2DC1DFE500FB10F8 /* Resources */ = {
			isa = PBXResourcesBuildPhase;
			buildActionMask = 2147483647;
			files = (
			);
			runOnlyForDeploymentPostprocessing = 0;
		};
		4CEBB0D92DC1DFE500FB10F8 /* Resources */ = {
			isa = PBXResourcesBuildPhase;
			buildActionMask = 2147483647;
			files = (
			);
			runOnlyForDeploymentPostprocessing = 0;
		};
/* End PBXResourcesBuildPhase section */

/* Begin PBXSourcesBuildPhase section */
		4CEBB0BD2DC1DFE400FB10F8 /* Sources */ = {
			isa = PBXSourcesBuildPhase;
			buildActionMask = 2147483647;
			files = (
			);
			runOnlyForDeploymentPostprocessing = 0;
		};
		4CEBB0CD2DC1DFE500FB10F8 /* Sources */ = {
			isa = PBXSourcesBuildPhase;
			buildActionMask = 2147483647;
			files = (
			);
			runOnlyForDeploymentPostprocessing = 0;
		};
		4CEBB0D72DC1DFE500FB10F8 /* Sources */ = {
			isa = PBXSourcesBuildPhase;
			buildActionMask = 2147483647;
			files = (
			);
			runOnlyForDeploymentPostprocessing = 0;
		};
/* End PBXSourcesBuildPhase section */

/* Begin PBXTargetDependency section */
		4CEBB0D32DC1DFE500FB10F8 /* PBXTargetDependency */ = {
			isa = PBXTargetDependency;
			target = 4CEBB0C02DC1DFE400FB10F8 /* TNMapSDKSample */;
			targetProxy = 4CEBB0D22DC1DFE500FB10F8 /* PBXContainerItemProxy */;
		};
		4CEBB0DD2DC1DFE500FB10F8 /* PBXTargetDependency */ = {
			isa = PBXTargetDependency;
			target = 4CEBB0C02DC1DFE400FB10F8 /* TNMapSDKSample */;
			targetProxy = 4CEBB0DC2DC1DFE500FB10F8 /* PBXContainerItemProxy */;
		};
/* End PBXTargetDependency section */

/* Begin XCBuildConfiguration section */
		4CEBB0E32DC1DFE500FB10F8 /* Debug */ = {
			isa = XCBuildConfiguration;
			buildSettings = {
				ALWAYS_SEARCH_USER_PATHS = NO;
				ASSETCATALOG_COMPILER_GENERATE_SWIFT_ASSET_SYMBOL_EXTENSIONS = YES;
				CLANG_ANALYZER_NONNULL = YES;
				CLANG_ANALYZER_NUMBER_OBJECT_CONVERSION = YES_AGGRESSIVE;
				CLANG_CXX_LANGUAGE_STANDARD = "gnu++20";
				CLANG_ENABLE_MODULES = YES;
				CLANG_ENABLE_OBJC_ARC = YES;
				CLANG_ENABLE_OBJC_WEAK = YES;
				CLANG_WARN_BLOCK_CAPTURE_AUTORELEASING = YES;
				CLANG_WARN_BOOL_CONVERSION = YES;
				CLANG_WARN_COMMA = YES;
				CLANG_WARN_CONSTANT_CONVERSION = YES;
				CLANG_WARN_DEPRECATED_OBJC_IMPLEMENTATIONS = YES;
				CLANG_WARN_DIRECT_OBJC_ISA_USAGE = YES_ERROR;
				CLANG_WARN_DOCUMENTATION_COMMENTS = YES;
				CLANG_WARN_EMPTY_BODY = YES;
				CLANG_WARN_ENUM_CONVERSION = YES;
				CLANG_WARN_INFINITE_RECURSION = YES;
				CLANG_WARN_INT_CONVERSION = YES;
				CLANG_WARN_NON_LITERAL_NULL_CONVERSION = YES;
				CLANG_WARN_OBJC_IMPLICIT_RETAIN_SELF = YES;
				CLANG_WARN_OBJC_LITERAL_CONVERSION = YES;
				CLANG_WARN_OBJC_ROOT_CLASS = YES_ERROR;
				CLANG_WARN_QUOTED_INCLUDE_IN_FRAMEWORK_HEADER = YES;
				CLANG_WARN_RANGE_LOOP_ANALYSIS = YES;
				CLANG_WARN_STRICT_PROTOTYPES = YES;
				CLANG_WARN_SUSPICIOUS_MOVE = YES;
				CLANG_WARN_UNGUARDED_AVAILABILITY = YES_AGGRESSIVE;
				CLANG_WARN_UNREACHABLE_CODE = YES;
				CLANG_WARN__DUPLICATE_METHOD_MATCH = YES;
				COPY_PHASE_STRIP = NO;
				DEBUG_INFORMATION_FORMAT = dwarf;
				ENABLE_STRICT_OBJC_MSGSEND = YES;
				ENABLE_TESTABILITY = YES;
				ENABLE_USER_SCRIPT_SANDBOXING = YES;
				GCC_C_LANGUAGE_STANDARD = gnu17;
				GCC_DYNAMIC_NO_PIC = NO;
				GCC_NO_COMMON_BLOCKS = YES;
				GCC_OPTIMIZATION_LEVEL = 0;
				GCC_PREPROCESSOR_DEFINITIONS = (
					"DEBUG=1",
					"$(inherited)",
				);
				GCC_WARN_64_TO_32_BIT_CONVERSION = YES;
				GCC_WARN_ABOUT_RETURN_TYPE = YES_ERROR;
				GCC_WARN_UNDECLARED_SELECTOR = YES;
				GCC_WARN_UNINITIALIZED_AUTOS = YES_AGGRESSIVE;
				GCC_WARN_UNUSED_FUNCTION = YES;
				GCC_WARN_UNUSED_VARIABLE = YES;
				IPHONEOS_DEPLOYMENT_TARGET = 18.1;
				LOCALIZATION_PREFERS_STRING_CATALOGS = YES;
				MTL_ENABLE_DEBUG_INFO = INCLUDE_SOURCE;
				MTL_FAST_MATH = YES;
				ONLY_ACTIVE_ARCH = YES;
				SDKROOT = iphoneos;
				SWIFT_ACTIVE_COMPILATION_CONDITIONS = "DEBUG $(inherited)";
				SWIFT_OPTIMIZATION_LEVEL = "-Onone";
			};
			name = Debug;
		};
		4CEBB0E42DC1DFE500FB10F8 /* Release */ = {
			isa = XCBuildConfiguration;
			buildSettings = {
				ALWAYS_SEARCH_USER_PATHS = NO;
				ASSETCATALOG_COMPILER_GENERATE_SWIFT_ASSET_SYMBOL_EXTENSIONS = YES;
				CLANG_ANALYZER_NONNULL = YES;
				CLANG_ANALYZER_NUMBER_OBJECT_CONVERSION = YES_AGGRESSIVE;
				CLANG_CXX_LANGUAGE_STANDARD = "gnu++20";
				CLANG_ENABLE_MODULES = YES;
				CLANG_ENABLE_OBJC_ARC = YES;
				CLANG_ENABLE_OBJC_WEAK = YES;
				CLANG_WARN_BLOCK_CAPTURE_AUTORELEASING = YES;
				CLANG_WARN_BOOL_CONVERSION = YES;
				CLANG_WARN_COMMA = YES;
				CLANG_WARN_CONSTANT_CONVERSION = YES;
				CLANG_WARN_DEPRECATED_OBJC_IMPLEMENTATIONS = YES;
				CLANG_WARN_DIRECT_OBJC_ISA_USAGE = YES_ERROR;
				CLANG_WARN_DOCUMENTATION_COMMENTS = YES;
				CLANG_WARN_EMPTY_BODY = YES;
				CLANG_WARN_ENUM_CONVERSION = YES;
				CLANG_WARN_INFINITE_RECURSION = YES;
				CLANG_WARN_INT_CONVERSION = YES;
				CLANG_WARN_NON_LITERAL_NULL_CONVERSION = YES;
				CLANG_WARN_OBJC_IMPLICIT_RETAIN_SELF = YES;
				CLANG_WARN_OBJC_LITERAL_CONVERSION = YES;
				CLANG_WARN_OBJC_ROOT_CLASS = YES_ERROR;
				CLANG_WARN_QUOTED_INCLUDE_IN_FRAMEWORK_HEADER = YES;
				CLANG_WARN_RANGE_LOOP_ANALYSIS = YES;
				CLANG_WARN_STRICT_PROTOTYPES = YES;
				CLANG_WARN_SUSPICIOUS_MOVE = YES;
				CLANG_WARN_UNGUARDED_AVAILABILITY = YES_AGGRESSIVE;
				CLANG_WARN_UNREACHABLE_CODE = YES;
				CLANG_WARN__DUPLICATE_METHOD_MATCH = YES;
				COPY_PHASE_STRIP = NO;
				DEBUG_INFORMATION_FORMAT = "dwarf-with-dsym";
				ENABLE_NS_ASSERTIONS = NO;
				ENABLE_STRICT_OBJC_MSGSEND = YES;
				ENABLE_USER_SCRIPT_SANDBOXING = YES;
				GCC_C_LANGUAGE_STANDARD = gnu17;
				GCC_NO_COMMON_BLOCKS = YES;
				GCC_WARN_64_TO_32_BIT_CONVERSION = YES;
				GCC_WARN_ABOUT_RETURN_TYPE = YES_ERROR;
				GCC_WARN_UNDECLARED_SELECTOR = YES;
				GCC_WARN_UNINITIALIZED_AUTOS = YES_AGGRESSIVE;
				GCC_WARN_UNUSED_FUNCTION = YES;
				GCC_WARN_UNUSED_VARIABLE = YES;
				IPHONEOS_DEPLOYMENT_TARGET = 18.1;
				LOCALIZATION_PREFERS_STRING_CATALOGS = YES;
				MTL_ENABLE_DEBUG_INFO = NO;
				MTL_FAST_MATH = YES;
				SDKROOT = iphoneos;
				SWIFT_COMPILATION_MODE = wholemodule;
				VALIDATE_PRODUCT = YES;
			};
			name = Release;
		};
		4CEBB0E62DC1DFE500FB10F8 /* Debug */ = {
			isa = XCBuildConfiguration;
			buildSettings = {
				ASSETCATALOG_COMPILER_APPICON_NAME = AppIcon;
				ASSETCATALOG_COMPILER_GLOBAL_ACCENT_COLOR_NAME = AccentColor;
				CODE_SIGN_STYLE = Automatic;
				CURRENT_PROJECT_VERSION = 1;
				DEVELOPMENT_ASSET_PATHS = "\"TNMapSDKSample/Preview Content\"";
				DEVELOPMENT_TEAM = Q79L49XN4F;
				ENABLE_PREVIEWS = YES;
				GENERATE_INFOPLIST_FILE = YES;
				INFOPLIST_FILE = TNMapSDKSample/Info.plist;
				INFOPLIST_KEY_UIApplicationSceneManifest_Generation = YES;
				INFOPLIST_KEY_UIApplicationSupportsIndirectInputEvents = YES;
				INFOPLIST_KEY_UILaunchScreen_Generation = YES;
				INFOPLIST_KEY_UISupportedInterfaceOrientations_iPad = "UIInterfaceOrientationPortrait UIInterfaceOrientationPortraitUpsideDown UIInterfaceOrientationLandscapeLeft UIInterfaceOrientationLandscapeRight";
				INFOPLIST_KEY_UISupportedInterfaceOrientations_iPhone = "UIInterfaceOrientationPortrait UIInterfaceOrientationLandscapeLeft UIInterfaceOrientationLandscapeRight";
				LD_RUNPATH_SEARCH_PATHS = (
					"$(inherited)",
					"@executable_path/Frameworks",
				);
				MARKETING_VERSION = 1.0;
				PRODUCT_BUNDLE_IDENTIFIER = app.test.com;
				PRODUCT_NAME = "$(TARGET_NAME)";
				SWIFT_EMIT_LOC_STRINGS = YES;
				SWIFT_VERSION = 5.0;
				TARGETED_DEVICE_FAMILY = "1,2";
			};
			name = Debug;
		};
		4CEBB0E72DC1DFE500FB10F8 /* Release */ = {
			isa = XCBuildConfiguration;
			buildSettings = {
				ASSETCATALOG_COMPILER_APPICON_NAME = AppIcon;
				ASSETCATALOG_COMPILER_GLOBAL_ACCENT_COLOR_NAME = AccentColor;
				CODE_SIGN_STYLE = Automatic;
				CURRENT_PROJECT_VERSION = 1;
				DEVELOPMENT_ASSET_PATHS = "\"TNMapSDKSample/Preview Content\"";
				DEVELOPMENT_TEAM = Q79L49XN4F;
				ENABLE_PREVIEWS = YES;
				GENERATE_INFOPLIST_FILE = YES;
				INFOPLIST_FILE = TNMapSDKSample/Info.plist;
				INFOPLIST_KEY_UIApplicationSceneManifest_Generation = YES;
				INFOPLIST_KEY_UIApplicationSupportsIndirectInputEvents = YES;
				INFOPLIST_KEY_UILaunchScreen_Generation = YES;
				INFOPLIST_KEY_UISupportedInterfaceOrientations_iPad = "UIInterfaceOrientationPortrait UIInterfaceOrientationPortraitUpsideDown UIInterfaceOrientationLandscapeLeft UIInterfaceOrientationLandscapeRight";
				INFOPLIST_KEY_UISupportedInterfaceOrientations_iPhone = "UIInterfaceOrientationPortrait UIInterfaceOrientationLandscapeLeft UIInterfaceOrientationLandscapeRight";
				LD_RUNPATH_SEARCH_PATHS = (
					"$(inherited)",
					"@executable_path/Frameworks",
				);
				MARKETING_VERSION = 1.0;
				PRODUCT_BUNDLE_IDENTIFIER = app.test.com;
				PRODUCT_NAME = "$(TARGET_NAME)";
				SWIFT_EMIT_LOC_STRINGS = YES;
				SWIFT_VERSION = 5.0;
				TARGETED_DEVICE_FAMILY = "1,2";
			};
			name = Release;
		};
		4CEBB0E92DC1DFE500FB10F8 /* Debug */ = {
			isa = XCBuildConfiguration;
			buildSettings = {
				BUNDLE_LOADER = "$(TEST_HOST)";
				CODE_SIGN_STYLE = Automatic;
				CURRENT_PROJECT_VERSION = 1;
				DEVELOPMENT_TEAM = Q79L49XN4F;
				GENERATE_INFOPLIST_FILE = YES;
				IPHONEOS_DEPLOYMENT_TARGET = 18.1;
				MARKETING_VERSION = 1.0;
				PRODUCT_BUNDLE_IDENTIFIER = technonext.TNMapSDKSampleTests;
				PRODUCT_NAME = "$(TARGET_NAME)";
				SWIFT_EMIT_LOC_STRINGS = NO;
				SWIFT_VERSION = 5.0;
				TARGETED_DEVICE_FAMILY = "1,2";
				TEST_HOST = "$(BUILT_PRODUCTS_DIR)/TNMapSDKSample.app/$(BUNDLE_EXECUTABLE_FOLDER_PATH)/TNMapSDKSample";
			};
			name = Debug;
		};
		4CEBB0EA2DC1DFE500FB10F8 /* Release */ = {
			isa = XCBuildConfiguration;
			buildSettings = {
				BUNDLE_LOADER = "$(TEST_HOST)";
				CODE_SIGN_STYLE = Automatic;
				CURRENT_PROJECT_VERSION = 1;
				DEVELOPMENT_TEAM = Q79L49XN4F;
				GENERATE_INFOPLIST_FILE = YES;
				IPHONEOS_DEPLOYMENT_TARGET = 18.1;
				MARKETING_VERSION = 1.0;
				PRODUCT_BUNDLE_IDENTIFIER = technonext.TNMapSDKSampleTests;
				PRODUCT_NAME = "$(TARGET_NAME)";
				SWIFT_EMIT_LOC_STRINGS = NO;
				SWIFT_VERSION = 5.0;
				TARGETED_DEVICE_FAMILY = "1,2";
				TEST_HOST = "$(BUILT_PRODUCTS_DIR)/TNMapSDKSample.app/$(BUNDLE_EXECUTABLE_FOLDER_PATH)/TNMapSDKSample";
			};
			name = Release;
		};
		4CEBB0EC2DC1DFE500FB10F8 /* Debug */ = {
			isa = XCBuildConfiguration;
			buildSettings = {
				CODE_SIGN_STYLE = Automatic;
				CURRENT_PROJECT_VERSION = 1;
				DEVELOPMENT_TEAM = Q79L49XN4F;
				GENERATE_INFOPLIST_FILE = YES;
				MARKETING_VERSION = 1.0;
				PRODUCT_BUNDLE_IDENTIFIER = technonext.TNMapSDKSampleUITests;
				PRODUCT_NAME = "$(TARGET_NAME)";
				SWIFT_EMIT_LOC_STRINGS = NO;
				SWIFT_VERSION = 5.0;
				TARGETED_DEVICE_FAMILY = "1,2";
				TEST_TARGET_NAME = TNMapSDKSample;
			};
			name = Debug;
		};
		4CEBB0ED2DC1DFE500FB10F8 /* Release */ = {
			isa = XCBuildConfiguration;
			buildSettings = {
				CODE_SIGN_STYLE = Automatic;
				CURRENT_PROJECT_VERSION = 1;
				DEVELOPMENT_TEAM = Q79L49XN4F;
				GENERATE_INFOPLIST_FILE = YES;
				MARKETING_VERSION = 1.0;
				PRODUCT_BUNDLE_IDENTIFIER = technonext.TNMapSDKSampleUITests;
				PRODUCT_NAME = "$(TARGET_NAME)";
				SWIFT_EMIT_LOC_STRINGS = NO;
				SWIFT_VERSION = 5.0;
				TARGETED_DEVICE_FAMILY = "1,2";
				TEST_TARGET_NAME = TNMapSDKSample;
			};
			name = Release;
		};
/* End XCBuildConfiguration section */

/* Begin XCConfigurationList section */
		4CEBB0BC2DC1DFE400FB10F8 /* Build configuration list for PBXProject "TNMapSDKSample" */ = {
			isa = XCConfigurationList;
			buildConfigurations = (
				4CEBB0E32DC1DFE500FB10F8 /* Debug */,
				4CEBB0E42DC1DFE500FB10F8 /* Release */,
			);
			defaultConfigurationIsVisible = 0;
			defaultConfigurationName = Release;
		};
		4CEBB0E52DC1DFE500FB10F8 /* Build configuration list for PBXNativeTarget "TNMapSDKSample" */ = {
			isa = XCConfigurationList;
			buildConfigurations = (
				4CEBB0E62DC1DFE500FB10F8 /* Debug */,
				4CEBB0E72DC1DFE500FB10F8 /* Release */,
			);
			defaultConfigurationIsVisible = 0;
			defaultConfigurationName = Release;
		};
		4CEBB0E82DC1DFE500FB10F8 /* Build configuration list for PBXNativeTarget "TNMapSDKSampleTests" */ = {
			isa = XCConfigurationList;
			buildConfigurations = (
				4CEBB0E92DC1DFE500FB10F8 /* Debug */,
				4CEBB0EA2DC1DFE500FB10F8 /* Release */,
			);
			defaultConfigurationIsVisible = 0;
			defaultConfigurationName = Release;
		};
		4CEBB0EB2DC1DFE500FB10F8 /* Build configuration list for PBXNativeTarget "TNMapSDKSampleUITests" */ = {
			isa = XCConfigurationList;
			buildConfigurations = (
				4CEBB0EC2DC1DFE500FB10F8 /* Debug */,
				4CEBB0ED2DC1DFE500FB10F8 /* Release */,
			);
			defaultConfigurationIsVisible = 0;
			defaultConfigurationName = Release;
		};
/* End XCConfigurationList section */

/* Begin XCRemoteSwiftPackageReference section */
		C2D336232EE6AFA600CDEDFC /* XCRemoteSwiftPackageReference "Kronos" */ = {
			isa = XCRemoteSwiftPackageReference;
			repositoryURL = "https://github.com/MobileNativeFoundation/Kronos.git";
			requirement = {
				kind = upToNextMajorVersion;
				minimumVersion = 4.3.1;
			};
		};
/* End XCRemoteSwiftPackageReference section */

/* Begin XCSwiftPackageProductDependency section */
		C2D336242EE6AFA600CDEDFC /* Kronos */ = {
			isa = XCSwiftPackageProductDependency;
			package = C2D336232EE6AFA600CDEDFC /* XCRemoteSwiftPackageReference "Kronos" */;
			productName = Kronos;
		};
/* End XCSwiftPackageProductDependency section */
	};
	rootObject = 4CEBB0B92DC1DFE400FB10F8 /* Project object */;
}
